
Microsoft Visual Studio Solution File, Format Version 12.00
# Visual Studio Version 17
VisualStudioVersion = 17.7.34031.279
MinimumVisualStudioVersion = 10.0.40219.1
Project("{FAE04EC0-301F-11D3-BF4B-00C04F79EFBC}") = "n01642795Cumulative1", "n01642795Cumulative1\n01642795Cumulative1.csproj", "{37751BCB-E911-410D-81DA-F258F6361EA5}"
EndProject
Global
	GlobalSection(SolutionConfigurationPlatforms) = preSolution
		Debug|Any CPU = Debug|Any CPU
		Release|Any CPU = Release|Any CPU
	EndGlobalSection
	GlobalSection(ProjectConfigurationPlatforms) = postSolution
		{37751BCB-E911-410D-81DA-F258F6361EA5}.Debug|Any CPU.ActiveCfg = Debug|Any CPU
		{37751BCB-E911-410D-81DA-F258F6361EA5}.Debug|Any CPU.Build.0 = Debug|Any CPU
		{37751BCB-E911-410D-81DA-F258F6361EA5}.Release|Any CPU.ActiveCfg = Release|Any CPU
		{37751BCB-E911-410D-81DA-F258F6361EA5}.Release|Any CPU.Build.0 = Release|Any CPU
	EndGlobalSection
	GlobalSection(SolutionProperties) = preSolution
		HideSolutionNode = FALSE
	EndGlobalSection
	GlobalSection(ExtensibilityGlobals) = postSolution
		SolutionGuid = {60514186-5F10-4922-903A-6638C12283EA}
	EndGlobalSection
EndGlobal
